
Microsoft Visual Studio Solution File, Format Version 12.00
# Visual Studio Version 17
VisualStudioVersion = 17.11.35312.102
MinimumVisualStudioVersion = 10.0.40219.1
Project("{9A19103F-16F7-4668-BE54-9A1E7A4F7556}") = "Week 7 - ObjectsAndClasses", "Week 7 - ObjectsAndClasses\Week 7 - ObjectsAndClasses.csproj", "{8FA458AF-B332-4486-AE46-27F1D75797A1}"
EndProject
Project("{FAE04EC0-301F-11D3-BF4B-00C04F79EFBC}") = "Extension method", "Extension method\Extension method.csproj", "{4558B56F-CD2C-48B3-B4C1-15E60C9A9BEF}"
EndProject
Global
	GlobalSection(SolutionConfigurationPlatforms) = preSolution
		Debug|Any CPU = Debug|Any CPU
		Release|Any CPU = Release|Any CPU
	EndGlobalSection
	GlobalSection(ProjectConfigurationPlatforms) = postSolution
		{8FA458AF-B332-4486-AE46-27F1D75797A1}.Debug|Any CPU.ActiveCfg = Debug|Any CPU
		{8FA458AF-B332-4486-AE46-27F1D75797A1}.Debug|Any CPU.Build.0 = Debug|Any CPU
		{8FA458AF-B332-4486-AE46-27F1D75797A1}.Release|Any CPU.ActiveCfg = Release|Any CPU
		{8FA458AF-B332-4486-AE46-27F1D75797A1}.Release|Any CPU.Build.0 = Release|Any CPU
		{4558B56F-CD2C-48B3-B4C1-15E60C9A9BEF}.Debug|Any CPU.ActiveCfg = Debug|Any CPU
		{4558B56F-CD2C-48B3-B4C1-15E60C9A9BEF}.Debug|Any CPU.Build.0 = Debug|Any CPU
		{4558B56F-CD2C-48B3-B4C1-15E60C9A9BEF}.Release|Any CPU.ActiveCfg = Release|Any CPU
		{4558B56F-CD2C-48B3-B4C1-15E60C9A9BEF}.Release|Any CPU.Build.0 = Release|Any CPU
	EndGlobalSection
	GlobalSection(SolutionProperties) = preSolution
		HideSolutionNode = FALSE
	EndGlobalSection
	GlobalSection(ExtensibilityGlobals) = postSolution
		SolutionGuid = {E499B0D4-5FF7-402E-9EDD-8D68681E5FC7}
	EndGlobalSection
EndGlobal
